PODS:
  - ReusableScrollMenuView (0.1.0):
    - SnapKit
  - SnapKit (4.2.0)

DEPENDENCIES:
  - ReusableScrollMenuView (from `../`)

SPEC REPOS:
  trunk:
    - SnapKit

EXTERNAL SOURCES:
  ReusableScrollMenuView:
    :path: "../"

SPEC CHECKSUMS:
  ReusableScrollMenuView: 73c7065424ee0360d5eb20e5b1ba8800a74c2b2b
  SnapKit: fe8a619752f3f27075cc9a90244d75c6c3f27e2a

PODFILE CHECKSUM: 8ccf3b2ab0c0efc87aedad13ce51c9ff65d8e003

COCOAPODS: 1.8.4
